// !$*UTF8*$!
{
	archiveVersion = 1;
	classes = {
	};
	objectVersion = 46;
	objects = {

/* Begin PBXBuildFile section */
		6A16FFAF1910B3CC008E7070 /* newStart.png in Resources */ = {isa = PBXBuildFile; fileRef = 6A16FFAE1910B3CC008E7070 /* newStart.png */; };
		6A16FFB11910B4A0008E7070 /* newAgain.png in Resources */ = {isa = PBXBuildFile; fileRef = 6A16FFB01910B4A0008E7070 /* newAgain.png */; };
		6A16FFB31910B996008E7070 /* safe.png in Resources */ = {isa = PBXBuildFile; fileRef = 6A16FFB21910B996008E7070 /* safe.png */; };
		6A1BB713191183260087D0ED /* Model.xcdatamodeld in Sources */ = {isa = PBXBuildFile; fileRef = 6A1BB711191183260087D0ED /* Model.xcdatamodeld */; };
		6A23B4071916EB33000DC645 /* foodora_quicksketch.jpg in Resources */ = {isa = PBXBuildFile; fileRef = 6A23B4061916EB33000DC645 /* foodora_quicksketch.jpg */; };
		6A23B4091916ED50000DC645 /* bannasplit.png in Resources */ = {isa = PBXBuildFile; fileRef = 6A23B4081916ED50000DC645 /* bannasplit.png */; };
		6A23B40B1916F1BE000DC645 /* play70x40.png in Resources */ = {isa = PBXBuildFile; fileRef = 6A23B40A1916F1BE000DC645 /* play70x40.png */; };
		6A23B40D1916F1C5000DC645 /* safe60x35.png in Resources */ = {isa = PBXBuildFile; fileRef = 6A23B40C1916F1C5000DC645 /* safe60x35.png */; };
		6A23B40F1916F1CE000DC645 /* danger90x40.png in Resources */ = {isa = PBXBuildFile; fileRef = 6A23B40E1916F1CE000DC645 /* danger90x40.png */; };
		6A23B4121916FAD5000DC645 /* MainScene.m in Sources */ = {isa = PBXBuildFile; fileRef = 6A23B4111916FAD5000DC645 /* MainScene.m */; };
		6AAC405C191C4DDE00E7F945 /* FriendsViewController.m in Sources */ = {isa = PBXBuildFile; fileRef = 6AAC405B191C4DDE00E7F945 /* FriendsViewController.m */; };
		6AAC405F191C4DEA00E7F945 /* FoodViewController.m in Sources */ = {isa = PBXBuildFile; fileRef = 6AAC405E191C4DEA00E7F945 /* FoodViewController.m */; };
		6AAC4062191C4DFD00E7F945 /* AddContentViewController.m in Sources */ = {isa = PBXBuildFile; fileRef = 6AAC4061191C4DFD00E7F945 /* AddContentViewController.m */; };
		6AFEE5F7191C6CF400ACC9A3 /* CoreData.framework in Frameworks */ = {isa = PBXBuildFile; fileRef = 6AFEE5F6191C6CF400ACC9A3 /* CoreData.framework */; };
		6AFEE605191DC19F00ACC9A3 /* FriendsTableViewCell.m in Sources */ = {isa = PBXBuildFile; fileRef = 6AFEE604191DC19F00ACC9A3 /* FriendsTableViewCell.m */; };
		6AFEE611191DC67F00ACC9A3 /* Opinions.m in Sources */ = {isa = PBXBuildFile; fileRef = 6AFEE610191DC67F00ACC9A3 /* Opinions.m */; };
		6AFEE614191DC67F00ACC9A3 /* Restaurants.m in Sources */ = {isa = PBXBuildFile; fileRef = 6AFEE613191DC67F00ACC9A3 /* Restaurants.m */; };
		6AFEE617191DC67F00ACC9A3 /* Users.m in Sources */ = {isa = PBXBuildFile; fileRef = 6AFEE616191DC67F00ACC9A3 /* Users.m */; };
		6AFFCC551900492E002FE74D /* Foundation.framework in Frameworks */ = {isa = PBXBuildFile; fileRef = 6AFFCC541900492E002FE74D /* Foundation.framework */; };
		6AFFCC571900492E002FE74D /* CoreGraphics.framework in Frameworks */ = {isa = PBXBuildFile; fileRef = 6AFFCC561900492E002FE74D /* CoreGraphics.framework */; };
		6AFFCC591900492E002FE74D /* UIKit.framework in Frameworks */ = {isa = PBXBuildFile; fileRef = 6AFFCC581900492E002FE74D /* UIKit.framework */; };
		6AFFCC5B1900492E002FE74D /* SpriteKit.framework in Frameworks */ = {isa = PBXBuildFile; fileRef = 6AFFCC5A1900492E002FE74D /* SpriteKit.framework */; };
		6AFFCC611900492E002FE74D /* InfoPlist.strings in Resources */ = {isa = PBXBuildFile; fileRef = 6AFFCC5F1900492E002FE74D /* InfoPlist.strings */; };
		6AFFCC631900492E002FE74D /* main.m in Sources */ = {isa = PBXBuildFile; fileRef = 6AFFCC621900492E002FE74D /* main.m */; };
		6AFFCC671900492E002FE74D /* AppDelegate.m in Sources */ = {isa = PBXBuildFile; fileRef = 6AFFCC661900492E002FE74D /* AppDelegate.m */; };
		6AFFCC6A1900492E002FE74D /* Main.storyboard in Resources */ = {isa = PBXBuildFile; fileRef = 6AFFCC681900492E002FE74D /* Main.storyboard */; };
		6AFFCC6D1900492E002FE74D /* ViewController.m in Sources */ = {isa = PBXBuildFile; fileRef = 6AFFCC6C1900492E002FE74D /* ViewController.m */; };
		6AFFCC701900492E002FE74D /* MyScene.m in Sources */ = {isa = PBXBuildFile; fileRef = 6AFFCC6F1900492E002FE74D /* MyScene.m */; };
		6AFFCC721900492E002FE74D /* Spaceship.png in Resources */ = {isa = PBXBuildFile; fileRef = 6AFFCC711900492E002FE74D /* Spaceship.png */; };
		6AFFCC741900492E002FE74D /* Images.xcassets in Resources */ = {isa = PBXBuildFile; fileRef = 6AFFCC731900492E002FE74D /* Images.xcassets */; };
		6AFFCC7B1900492E002FE74D /* XCTest.framework in Frameworks */ = {isa = PBXBuildFile; fileRef = 6AFFCC7A1900492E002FE74D /* XCTest.framework */; };
		6AFFCC7C1900492E002FE74D /* Foundation.framework in Frameworks */ = {isa = PBXBuildFile; fileRef = 6AFFCC541900492E002FE74D /* Foundation.framework */; };
		6AFFCC7D1900492E002FE74D /* UIKit.framework in Frameworks */ = {isa = PBXBuildFile; fileRef = 6AFFCC581900492E002FE74D /* UIKit.framework */; };
		6AFFCC851900492E002FE74D /* InfoPlist.strings in Resources */ = {isa = PBXBuildFile; fileRef = 6AFFCC831900492E002FE74D /* InfoPlist.strings */; };
		6AFFCC871900492E002FE74D /* ExplosionTests.m in Sources */ = {isa = PBXBuildFile; fileRef = 6AFFCC861900492E002FE74D /* ExplosionTests.m */; };
		6AFFCC9A19009EE9002FE74D /* start_button.png in Resources */ = {isa = PBXBuildFile; fileRef = 6AFFCC9119009EE9002FE74D /* start_button.png */; };
		6AFFCC9B19009EE9002FE74D /* start1.png in Resources */ = {isa = PBXBuildFile; fileRef = 6AFFCC9219009EE9002FE74D /* start1.png */; };
		6AFFCC9C19009EE9002FE74D /* start2.png in Resources */ = {isa = PBXBuildFile; fileRef = 6AFFCC9319009EE9002FE74D /* start2.png */; };
		6AFFCC9D19009EE9002FE74D /* start3.png in Resources */ = {isa = PBXBuildFile; fileRef = 6AFFCC9419009EE9002FE74D /* start3.png */; };
		6AFFCC9E19009EE9002FE74D /* start4.png in Resources */ = {isa = PBXBuildFile; fileRef = 6AFFCC9519009EE9002FE74D /* start4.png */; };
		6AFFCC9F19009EE9002FE74D /* start5.png in Resources */ = {isa = PBXBuildFile; fileRef = 6AFFCC9619009EE9002FE74D /* start5.png */; };
		6AFFCCA019009EE9002FE74D /* start6.png in Resources */ = {isa = PBXBuildFile; fileRef = 6AFFCC9719009EE9002FE74D /* start6.png */; };
		6AFFCCA119009EE9002FE74D /* start7.png in Resources */ = {isa = PBXBuildFile; fileRef = 6AFFCC9819009EE9002FE74D /* start7.png */; };
		6AFFCCA219009EE9002FE74D /* start8.png in Resources */ = {isa = PBXBuildFile; fileRef = 6AFFCC9919009EE9002FE74D /* start8.png */; };
/* End PBXBuildFile section */

/* Begin PBXContainerItemProxy section */
		6AFFCC7E1900492E002FE74D /* PBXContainerItemProxy */ = {
			isa = PBXContainerItemProxy;
			containerPortal = 6AFFCC491900492E002FE74D /* Project object */;
			proxyType = 1;
			remoteGlobalIDString = 6AFFCC501900492E002FE74D;
			remoteInfo = Explosion;
		};
/* End PBXContainerItemProxy section */

/* Begin PBXFileReference section */
		6A16FFAE1910B3CC008E7070 /* newStart.png */ = {isa = PBXFileReference; lastKnownFileType = image.png; path = newStart.png; sourceTree = "<group>"; };
		6A16FFB01910B4A0008E7070 /* newAgain.png */ = {isa = PBXFileReference; lastKnownFileType = image.png; path = newAgain.png; sourceTree = "<group>"; };
		6A16FFB21910B996008E7070 /* safe.png */ = {isa = PBXFileReference; lastKnownFileType = image.png; path = safe.png; sourceTree = "<group>"; };
		6A1BB712191183260087D0ED /* Model.xcdatamodel */ = {isa = PBXFileReference; lastKnownFileType = wrapper.xcdatamodel; path = Model.xcdatamodel; sourceTree = "<group>"; };
		6A23B4061916EB33000DC645 /* foodora_quicksketch.jpg */ = {isa = PBXFileReference; lastKnownFileType = image.jpeg; path = foodora_quicksketch.jpg; sourceTree = "<group>"; };
		6A23B4081916ED50000DC645 /* bannasplit.png */ = {isa = PBXFileReference; lastKnownFileType = image.png; path = bannasplit.png; sourceTree = "<group>"; };
		6A23B40A1916F1BE000DC645 /* play70x40.png */ = {isa = PBXFileReference; lastKnownFileType = image.png; path = play70x40.png; sourceTree = "<group>"; };
		6A23B40C1916F1C5000DC645 /* safe60x35.png */ = {isa = PBXFileReference; lastKnownFileType = image.png; path = safe60x35.png; sourceTree = "<group>"; };
		6A23B40E1916F1CE000DC645 /* danger90x40.png */ = {isa = PBXFileReference; lastKnownFileType = image.png; path = danger90x40.png; sourceTree = "<group>"; };
		6A23B4101916FAD5000DC645 /* MainScene.h */ = {isa = PBXFileReference; fileEncoding = 4; lastKnownFileType = sourcecode.c.h; path = MainScene.h; sourceTree = "<group>"; };
		6A23B4111916FAD5000DC645 /* MainScene.m */ = {isa = PBXFileReference; fileEncoding = 4; lastKnownFileType = sourcecode.c.objc; path = MainScene.m; sourceTree = "<group>"; };
		6AAC405A191C4DDE00E7F945 /* FriendsViewController.h */ = {isa = PBXFileReference; fileEncoding = 4; lastKnownFileType = sourcecode.c.h; path = FriendsViewController.h; sourceTree = "<group>"; };
		6AAC405B191C4DDE00E7F945 /* FriendsViewController.m */ = {isa = PBXFileReference; fileEncoding = 4; lastKnownFileType = sourcecode.c.objc; path = FriendsViewController.m; sourceTree = "<group>"; };
		6AAC405D191C4DEA00E7F945 /* FoodViewController.h */ = {isa = PBXFileReference; fileEncoding = 4; lastKnownFileType = sourcecode.c.h; path = FoodViewController.h; sourceTree = "<group>"; };
		6AAC405E191C4DEA00E7F945 /* FoodViewController.m */ = {isa = PBXFileReference; fileEncoding = 4; lastKnownFileType = sourcecode.c.objc; path = FoodViewController.m; sourceTree = "<group>"; };
		6AAC4060191C4DFD00E7F945 /* AddContentViewController.h */ = {isa = PBXFileReference; fileEncoding = 4; lastKnownFileType = sourcecode.c.h; path = AddContentViewController.h; sourceTree = "<group>"; };
		6AAC4061191C4DFD00E7F945 /* AddContentViewController.m */ = {isa = PBXFileReference; fileEncoding = 4; lastKnownFileType = sourcecode.c.objc; path = AddContentViewController.m; sourceTree = "<group>"; };
		6AFEE5F6191C6CF400ACC9A3 /* CoreData.framework */ = {isa = PBXFileReference; lastKnownFileType = wrapper.framework; name = CoreData.framework; path = System/Library/Frameworks/CoreData.framework; sourceTree = SDKROOT; };
		6AFEE603191DC19F00ACC9A3 /* FriendsTableViewCell.h */ = {isa = PBXFileReference; fileEncoding = 4; lastKnownFileType = sourcecode.c.h; path = FriendsTableViewCell.h; sourceTree = "<group>"; };
		6AFEE604191DC19F00ACC9A3 /* FriendsTableViewCell.m */ = {isa = PBXFileReference; fileEncoding = 4; lastKnownFileType = sourcecode.c.objc; path = FriendsTableViewCell.m; sourceTree = "<group>"; };
		6AFEE60F191DC67F00ACC9A3 /* Opinions.h */ = {isa = PBXFileReference; fileEncoding = 4; lastKnownFileType = sourcecode.c.h; path = Opinions.h; sourceTree = "<group>"; };
		6AFEE610191DC67F00ACC9A3 /* Opinions.m */ = {isa = PBXFileReference; fileEncoding = 4; lastKnownFileType = sourcecode.c.objc; path = Opinions.m; sourceTree = "<group>"; };
		6AFEE612191DC67F00ACC9A3 /* Restaurants.h */ = {isa = PBXFileReference; fileEncoding = 4; lastKnownFileType = sourcecode.c.h; path = Restaurants.h; sourceTree = "<group>"; };
		6AFEE613191DC67F00ACC9A3 /* Restaurants.m */ = {isa = PBXFileReference; fileEncoding = 4; lastKnownFileType = sourcecode.c.objc; path = Restaurants.m; sourceTree = "<group>"; };
		6AFEE615191DC67F00ACC9A3 /* Users.h */ = {isa = PBXFileReference; fileEncoding = 4; lastKnownFileType = sourcecode.c.h; path = Users.h; sourceTree = "<group>"; };
		6AFEE616191DC67F00ACC9A3 /* Users.m */ = {isa = PBXFileReference; fileEncoding = 4; lastKnownFileType = sourcecode.c.objc; path = Users.m; sourceTree = "<group>"; };
		6AFFCC511900492E002FE74D /* Explosion.app */ = {isa = PBXFileReference; explicitFileType = wrapper.application; includeInIndex = 0; path = Explosion.app; sourceTree = BUILT_PRODUCTS_DIR; };
		6AFFCC541900492E002FE74D /* Foundation.framework */ = {isa = PBXFileReference; lastKnownFileType = wrapper.framework; name = Foundation.framework; path = System/Library/Frameworks/Foundation.framework; sourceTree = SDKROOT; };
		6AFFCC561900492E002FE74D /* CoreGraphics.framework */ = {isa = PBXFileReference; lastKnownFileType = wrapper.framework; name = CoreGraphics.framework; path = System/Library/Frameworks/CoreGraphics.framework; sourceTree = SDKROOT; };
		6AFFCC581900492E002FE74D /* UIKit.framework */ = {isa = PBXFileReference; lastKnownFileType = wrapper.framework; name = UIKit.framework; path = System/Library/Frameworks/UIKit.framework; sourceTree = SDKROOT; };
		6AFFCC5A1900492E002FE74D /* SpriteKit.framework */ = {isa = PBXFileReference; lastKnownFileType = wrapper.framework; name = SpriteKit.framework; path = System/Library/Frameworks/SpriteKit.framework; sourceTree = SDKROOT; };
		6AFFCC5E1900492E002FE74D /* Explosion-Info.plist */ = {isa = PBXFileReference; lastKnownFileType = text.plist.xml; path = "Explosion-Info.plist"; sourceTree = "<group>"; };
		6AFFCC601900492E002FE74D /* en */ = {isa = PBXFileReference; lastKnownFileType = text.plist.strings; name = en; path = en.lproj/InfoPlist.strings; sourceTree = "<group>"; };
		6AFFCC621900492E002FE74D /* main.m */ = {isa = PBXFileReference; lastKnownFileType = sourcecode.c.objc; path = main.m; sourceTree = "<group>"; };
		6AFFCC641900492E002FE74D /* Explosion-Prefix.pch */ = {isa = PBXFileReference; lastKnownFileType = sourcecode.c.h; path = "Explosion-Prefix.pch"; sourceTree = "<group>"; };
		6AFFCC651900492E002FE74D /* AppDelegate.h */ = {isa = PBXFileReference; lastKnownFileType = sourcecode.c.h; path = AppDelegate.h; sourceTree = "<group>"; };
		6AFFCC661900492E002FE74D /* AppDelegate.m */ = {isa = PBXFileReference; lastKnownFileType = sourcecode.c.objc; path = AppDelegate.m; sourceTree = "<group>"; };
		6AFFCC691900492E002FE74D /* Base */ = {isa = PBXFileReference; lastKnownFileType = file.storyboard; name = Base; path = Base.lproj/Main.storyboard; sourceTree = "<group>"; };
		6AFFCC6B1900492E002FE74D /* ViewController.h */ = {isa = PBXFileReference; lastKnownFileType = sourcecode.c.h; path = ViewController.h; sourceTree = "<group>"; };
		6AFFCC6C1900492E002FE74D /* ViewController.m */ = {isa = PBXFileReference; lastKnownFileType = sourcecode.c.objc; path = ViewController.m; sourceTree = "<group>"; };
		6AFFCC6E1900492E002FE74D /* MyScene.h */ = {isa = PBXFileReference; lastKnownFileType = sourcecode.c.h; path = MyScene.h; sourceTree = "<group>"; };
		6AFFCC6F1900492E002FE74D /* MyScene.m */ = {isa = PBXFileReference; lastKnownFileType = sourcecode.c.objc; path = MyScene.m; sourceTree = "<group>"; };
		6AFFCC711900492E002FE74D /* Spaceship.png */ = {isa = PBXFileReference; lastKnownFileType = image.png; path = Spaceship.png; sourceTree = "<group>"; };
		6AFFCC731900492E002FE74D /* Images.xcassets */ = {isa = PBXFileReference; lastKnownFileType = folder.assetcatalog; path = Images.xcassets; sourceTree = "<group>"; };
		6AFFCC791900492E002FE74D /* ExplosionTests.xctest */ = {isa = PBXFileReference; explicitFileType = wrapper.cfbundle; includeInIndex = 0; path = ExplosionTests.xctest; sourceTree = BUILT_PRODUCTS_DIR; };
		6AFFCC7A1900492E002FE74D /* XCTest.framework */ = {isa = PBXFileReference; lastKnownFileType = wrapper.framework; name = XCTest.framework; path = Library/Frameworks/XCTest.framework; sourceTree = DEVELOPER_DIR; };
		6AFFCC821900492E002FE74D /* ExplosionTests-Info.plist */ = {isa = PBXFileReference; lastKnownFileType = text.plist.xml; path = "ExplosionTests-Info.plist"; sourceTree = "<group>"; };
		6AFFCC841900492E002FE74D /* en */ = {isa = PBXFileReference; lastKnownFileType = text.plist.strings; name = en; path = en.lproj/InfoPlist.strings; sourceTree = "<group>"; };
		6AFFCC861900492E002FE74D /* ExplosionTests.m */ = {isa = PBXFileReference; lastKnownFileType = sourcecode.c.objc; path = ExplosionTests.m; sourceTree = "<group>"; };
		6AFFCC9119009EE9002FE74D /* start_button.png */ = {isa = PBXFileReference; lastKnownFileType = image.png; path = start_button.png; sourceTree = "<group>"; };
		6AFFCC9219009EE9002FE74D /* start1.png */ = {isa = PBXFileReference; lastKnownFileType = image.png; path = start1.png; sourceTree = "<group>"; };
		6AFFCC9319009EE9002FE74D /* start2.png */ = {isa = PBXFileReference; lastKnownFileType = image.png; path = start2.png; sourceTree = "<group>"; };
		6AFFCC9419009EE9002FE74D /* start3.png */ = {isa = PBXFileReference; lastKnownFileType = image.png; path = start3.png; sourceTree = "<group>"; };
		6AFFCC9519009EE9002FE74D /* start4.png */ = {isa = PBXFileReference; lastKnownFileType = image.png; path = start4.png; sourceTree = "<group>"; };
		6AFFCC9619009EE9002FE74D /* start5.png */ = {isa = PBXFileReference; lastKnownFileType = image.png; path = start5.png; sourceTree = "<group>"; };
		6AFFCC9719009EE9002FE74D /* start6.png */ = {isa = PBXFileReference; lastKnownFileType = image.png; path = start6.png; sourceTree = "<group>"; };
		6AFFCC9819009EE9002FE74D /* start7.png */ = {isa = PBXFileReference; lastKnownFileType = image.png; path = start7.png; sourceTree = "<group>"; };
		6AFFCC9919009EE9002FE74D /* start8.png */ = {isa = PBXFileReference; lastKnownFileType = image.png; path = start8.png; sourceTree = "<group>"; };
/* End PBXFileReference section */

/* Begin PBXFrameworksBuildPhase section */
		6AFFCC4E1900492E002FE74D /* Frameworks */ = {
			isa = PBXFrameworksBuildPhase;
			buildActionMask = 2147483647;
			files = (
				6AFEE5F7191C6CF400ACC9A3 /* CoreData.framework in Frameworks */,
				6AFFCC571900492E002FE74D /* CoreGraphics.framework in Frameworks */,
				6AFFCC591900492E002FE74D /* UIKit.framework in Frameworks */,
				6AFFCC5B1900492E002FE74D /* SpriteKit.framework in Frameworks */,
				6AFFCC551900492E002FE74D /* Foundation.framework in Frameworks */,
			);
			runOnlyForDeploymentPostprocessing = 0;
		};
		6AFFCC761900492E002FE74D /* Frameworks */ = {
			isa = PBXFrameworksBuildPhase;
			buildActionMask = 2147483647;
			files = (
				6AFFCC7B1900492E002FE74D /* XCTest.framework in Frameworks */,
				6AFFCC7D1900492E002FE74D /* UIKit.framework in Frameworks */,
				6AFFCC7C1900492E002FE74D /* Foundation.framework in Frameworks */,
			);
			runOnlyForDeploymentPostprocessing = 0;
		};
/* End PBXFrameworksBuildPhase section */

/* Begin PBXGroup section */
		6AFEE601191C6E3800ACC9A3 /* CoreData */ = {
			isa = PBXGroup;
			children = (
				6AFEE615191DC67F00ACC9A3 /* Users.h */,
				6AFEE616191DC67F00ACC9A3 /* Users.m */,
				6AFEE612191DC67F00ACC9A3 /* Restaurants.h */,
				6AFEE613191DC67F00ACC9A3 /* Restaurants.m */,
				6AFEE60F191DC67F00ACC9A3 /* Opinions.h */,
				6AFEE610191DC67F00ACC9A3 /* Opinions.m */,
			);
			name = CoreData;
			sourceTree = "<group>";
		};
		6AFEE602191DC17600ACC9A3 /* FriendsView */ = {
			isa = PBXGroup;
			children = (
				6AAC405A191C4DDE00E7F945 /* FriendsViewController.h */,
				6AAC405B191C4DDE00E7F945 /* FriendsViewController.m */,
				6AFEE603191DC19F00ACC9A3 /* FriendsTableViewCell.h */,
				6AFEE604191DC19F00ACC9A3 /* FriendsTableViewCell.m */,
			);
			name = FriendsView;
			sourceTree = "<group>";
		};
		6AFFCC481900492E002FE74D = {
			isa = PBXGroup;
			children = (
				6A1BB711191183260087D0ED /* Model.xcdatamodeld */,
				6AFFCC5C1900492E002FE74D /* Explosion */,
				6AFFCC801900492E002FE74D /* ExplosionTests */,
				6AFFCC531900492E002FE74D /* Frameworks */,
				6AFFCC521900492E002FE74D /* Products */,
			);
			sourceTree = "<group>";
		};
		6AFFCC521900492E002FE74D /* Products */ = {
			isa = PBXGroup;
			children = (
				6AFFCC511900492E002FE74D /* Explosion.app */,
				6AFFCC791900492E002FE74D /* ExplosionTests.xctest */,
			);
			name = Products;
			sourceTree = "<group>";
		};
		6AFFCC531900492E002FE74D /* Frameworks */ = {
			isa = PBXGroup;
			children = (
				6AFEE5F6191C6CF400ACC9A3 /* CoreData.framework */,
				6AFFCC541900492E002FE74D /* Foundation.framework */,
				6AFFCC561900492E002FE74D /* CoreGraphics.framework */,
				6AFFCC581900492E002FE74D /* UIKit.framework */,
				6AFFCC5A1900492E002FE74D /* SpriteKit.framework */,
				6AFFCC7A1900492E002FE74D /* XCTest.framework */,
			);
			name = Frameworks;
			sourceTree = "<group>";
		};
		6AFFCC5C1900492E002FE74D /* Explosion */ = {
			isa = PBXGroup;
			children = (
				6AFEE602191DC17600ACC9A3 /* FriendsView */,
				6AFEE601191C6E3800ACC9A3 /* CoreData */,
				6AFFCC9019009E96002FE74D /* images */,
				6AFFCC651900492E002FE74D /* AppDelegate.h */,
				6AFFCC661900492E002FE74D /* AppDelegate.m */,
				6AFFCC681900492E002FE74D /* Main.storyboard */,
				6A23B4101916FAD5000DC645 /* MainScene.h */,
				6A23B4111916FAD5000DC645 /* MainScene.m */,
				6AFFCC6B1900492E002FE74D /* ViewController.h */,
				6AFFCC6C1900492E002FE74D /* ViewController.m */,
				6AFFCC6E1900492E002FE74D /* MyScene.h */,
				6AFFCC6F1900492E002FE74D /* MyScene.m */,
				6AFFCC711900492E002FE74D /* Spaceship.png */,
				6AFFCC731900492E002FE74D /* Images.xcassets */,
				6AFFCC5D1900492E002FE74D /* Supporting Files */,
				6AAC405D191C4DEA00E7F945 /* FoodViewController.h */,
				6AAC405E191C4DEA00E7F945 /* FoodViewController.m */,
				6AAC4060191C4DFD00E7F945 /* AddContentViewController.h */,
				6AAC4061191C4DFD00E7F945 /* AddContentViewController.m */,
			);
			path = Explosion;
			sourceTree = "<group>";
		};
		6AFFCC5D1900492E002FE74D /* Supporting Files */ = {
			isa = PBXGroup;
			children = (
				6AFFCC5E1900492E002FE74D /* Explosion-Info.plist */,
				6AFFCC5F1900492E002FE74D /* InfoPlist.strings */,
				6AFFCC621900492E002FE74D /* main.m */,
				6AFFCC641900492E002FE74D /* Explosion-Prefix.pch */,
			);
			name = "Supporting Files";
			sourceTree = "<group>";
		};
		6AFFCC801900492E002FE74D /* ExplosionTests */ = {
			isa = PBXGroup;
			children = (
				6AFFCC861900492E002FE74D /* ExplosionTests.m */,
				6AFFCC811900492E002FE74D /* Supporting Files */,
			);
			path = ExplosionTests;
			sourceTree = "<group>";
		};
		6AFFCC811900492E002FE74D /* Supporting Files */ = {
			isa = PBXGroup;
			children = (
				6AFFCC821900492E002FE74D /* ExplosionTests-Info.plist */,
				6AFFCC831900492E002FE74D /* InfoPlist.strings */,
			);
			name = "Supporting Files";
			sourceTree = "<group>";
		};
		6AFFCC9019009E96002FE74D /* images */ = {
			isa = PBXGroup;
			children = (
				6A23B40E1916F1CE000DC645 /* danger90x40.png */,
				6A23B40C1916F1C5000DC645 /* safe60x35.png */,
				6A23B40A1916F1BE000DC645 /* play70x40.png */,
				6A23B4081916ED50000DC645 /* bannasplit.png */,
				6A23B4061916EB33000DC645 /* foodora_quicksketch.jpg */,
				6A16FFB21910B996008E7070 /* safe.png */,
				6AFFCC9119009EE9002FE74D /* start_button.png */,
				6A16FFAE1910B3CC008E7070 /* newStart.png */,
				6A16FFB01910B4A0008E7070 /* newAgain.png */,
				6AFFCC9219009EE9002FE74D /* start1.png */,
				6AFFCC9319009EE9002FE74D /* start2.png */,
				6AFFCC9419009EE9002FE74D /* start3.png */,
				6AFFCC9519009EE9002FE74D /* start4.png */,
				6AFFCC9619009EE9002FE74D /* start5.png */,
				6AFFCC9719009EE9002FE74D /* start6.png */,
				6AFFCC9819009EE9002FE74D /* start7.png */,
				6AFFCC9919009EE9002FE74D /* start8.png */,
			);
			name = images;
			sourceTree = "<group>";
		};
/* End PBXGroup section */

/* Begin PBXNativeTarget section */
		6AFFCC501900492E002FE74D /* Explosion */ = {
			isa = PBXNativeTarget;
			buildConfigurationList = 6AFFCC8A1900492E002FE74D /* Build configuration list for PBXNativeTarget "Explosion" */;
			buildPhases = (
				6AFFCC4D1900492E002FE74D /* Sources */,
				6AFFCC4E1900492E002FE74D /* Frameworks */,
				6AFFCC4F1900492E002FE74D /* Resources */,
			);
			buildRules = (
			);
			dependencies = (
			);
			name = Explosion;
			productName = Explosion;
			productReference = 6AFFCC511900492E002FE74D /* Explosion.app */;
			productType = "com.apple.product-type.application";
		};
		6AFFCC781900492E002FE74D /* ExplosionTests */ = {
			isa = PBXNativeTarget;
			buildConfigurationList = 6AFFCC8D1900492E002FE74D /* Build configuration list for PBXNativeTarget "ExplosionTests" */;
			buildPhases = (
				6AFFCC751900492E002FE74D /* Sources */,
				6AFFCC761900492E002FE74D /* Frameworks */,
				6AFFCC771900492E002FE74D /* Resources */,
			);
			buildRules = (
			);
			dependencies = (
				6AFFCC7F1900492E002FE74D /* PBXTargetDependency */,
			);
			name = ExplosionTests;
			productName = ExplosionTests;
			productReference = 6AFFCC791900492E002FE74D /* ExplosionTests.xctest */;
			productType = "com.apple.product-type.bundle.unit-test";
		};
/* End PBXNativeTarget section */

/* Begin PBXProject section */
		6AFFCC491900492E002FE74D /* Project object */ = {
			isa = PBXProject;
			attributes = {
				LastUpgradeCheck = 0510;
				ORGANIZATIONNAME = iPiatt;
				TargetAttributes = {
					6AFFCC781900492E002FE74D = {
						TestTargetID = 6AFFCC501900492E002FE74D;
					};
				};
			};
			buildConfigurationList = 6AFFCC4C1900492E002FE74D /* Build configuration list for PBXProject "Explosion" */;
			compatibilityVersion = "Xcode 3.2";
			developmentRegion = English;
			hasScannedForEncodings = 0;
			knownRegions = (
				en,
				Base,
			);
			mainGroup = 6AFFCC481900492E002FE74D;
			productRefGroup = 6AFFCC521900492E002FE74D /* Products */;
			projectDirPath = "";
			projectRoot = "";
			targets = (
				6AFFCC501900492E002FE74D /* Explosion */,
				6AFFCC781900492E002FE74D /* ExplosionTests */,
			);
		};
/* End PBXProject section */

/* Begin PBXResourcesBuildPhase section */
		6AFFCC4F1900492E002FE74D /* Resources */ = {
			isa = PBXResourcesBuildPhase;
			buildActionMask = 2147483647;
			files = (
				6A23B4071916EB33000DC645 /* foodora_quicksketch.jpg in Resources */,
				6AFFCC9C19009EE9002FE74D /* start2.png in Resources */,
				6A16FFAF1910B3CC008E7070 /* newStart.png in Resources */,
				6AFFCCA219009EE9002FE74D /* start8.png in Resources */,
				6AFFCC9E19009EE9002FE74D /* start4.png in Resources */,
				6AFFCC9A19009EE9002FE74D /* start_button.png in Resources */,
				6A16FFB11910B4A0008E7070 /* newAgain.png in Resources */,
				6AFFCC611900492E002FE74D /* InfoPlist.strings in Resources */,
				6AFFCC9F19009EE9002FE74D /* start5.png in Resources */,
				6A23B4091916ED50000DC645 /* bannasplit.png in Resources */,
				6AFFCCA019009EE9002FE74D /* start6.png in Resources */,
				6AFFCC741900492E002FE74D /* Images.xcassets in Resources */,
				6A16FFB31910B996008E7070 /* safe.png in Resources */,
				6AFFCC721900492E002FE74D /* Spaceship.png in Resources */,
				6A23B40B1916F1BE000DC645 /* play70x40.png in Resources */,
				6AFFCC9B19009EE9002FE74D /* start1.png in Resources */,
				6AFFCC9D19009EE9002FE74D /* start3.png in Resources */,
				6A23B40D1916F1C5000DC645 /* safe60x35.png in Resources */,
				6A23B40F1916F1CE000DC645 /* danger90x40.png in Resources */,
				6AFFCCA119009EE9002FE74D /* start7.png in Resources */,
				6AFFCC6A1900492E002FE74D /* Main.storyboard in Resources */,
			);
			runOnlyForDeploymentPostprocessing = 0;
		};
		6AFFCC771900492E002FE74D /* Resources */ = {
			isa = PBXResourcesBuildPhase;
			buildActionMask = 2147483647;
			files = (
				6AFFCC851900492E002FE74D /* InfoPlist.strings in Resources */,
			);
			runOnlyForDeploymentPostprocessing = 0;
		};
/* End PBXResourcesBuildPhase section */

/* Begin PBXSourcesBuildPhase section */
		6AFFCC4D1900492E002FE74D /* Sources */ = {
			isa = PBXSourcesBuildPhase;
			buildActionMask = 2147483647;
			files = (
				6AFEE611191DC67F00ACC9A3 /* Opinions.m in Sources */,
				6AFFCC701900492E002FE74D /* MyScene.m in Sources */,
				6AFFCC6D1900492E002FE74D /* ViewController.m in Sources */,
				6AAC405C191C4DDE00E7F945 /* FriendsViewController.m in Sources */,
				6AAC4062191C4DFD00E7F945 /* AddContentViewController.m in Sources */,
				6A1BB713191183260087D0ED /* Model.xcdatamodeld in Sources */,
				6AFFCC671900492E002FE74D /* AppDelegate.m in Sources */,
				6AFFCC631900492E002FE74D /* main.m in Sources */,
				6AFEE614191DC67F00ACC9A3 /* Restaurants.m in Sources */,
				6AAC405F191C4DEA00E7F945 /* FoodViewController.m in Sources */,
				6A23B4121916FAD5000DC645 /* MainScene.m in Sources */,
				6AFEE605191DC19F00ACC9A3 /* FriendsTableViewCell.m in Sources */,
				6AFEE617191DC67F00ACC9A3 /* Users.m in Sources */,
			);
			runOnlyForDeploymentPostprocessing = 0;
		};
		6AFFCC751900492E002FE74D /* Sources */ = {
			isa = PBXSourcesBuildPhase;
			buildActionMask = 2147483647;
			files = (
				6AFFCC871900492E002FE74D /* ExplosionTests.m in Sources */,
			);
			runOnlyForDeploymentPostprocessing = 0;
		};
/* End PBXSourcesBuildPhase section */

/* Begin PBXTargetDependency section */
		6AFFCC7F1900492E002FE74D /* PBXTargetDependency */ = {
			isa = PBXTargetDependency;
			target = 6AFFCC501900492E002FE74D /* Explosion */;
			targetProxy = 6AFFCC7E1900492E002FE74D /* PBXContainerItemProxy */;
		};
/* End PBXTargetDependency section */

/* Begin PBXVariantGroup section */
		6AFFCC5F1900492E002FE74D /* InfoPlist.strings */ = {
			isa = PBXVariantGroup;
			children = (
				6AFFCC601900492E002FE74D /* en */,
			);
			name = InfoPlist.strings;
			sourceTree = "<group>";
		};
		6AFFCC681900492E002FE74D /* Main.storyboard */ = {
			isa = PBXVariantGroup;
			children = (
				6AFFCC691900492E002FE74D /* Base */,
			);
			name = Main.storyboard;
			sourceTree = "<group>";
		};
		6AFFCC831900492E002FE74D /* InfoPlist.strings */ = {
			isa = PBXVariantGroup;
			children = (
				6AFFCC841900492E002FE74D /* en */,
			);
			name = InfoPlist.strings;
			sourceTree = "<group>";
		};
/* End PBXVariantGroup section */

/* Begin XCBuildConfiguration section */
		6AFFCC881900492E002FE74D /* Debug */ = {
			isa = XCBuildConfiguration;
			buildSettings = {
				ALWAYS_SEARCH_USER_PATHS = NO;
				CLANG_CXX_LANGUAGE_STANDARD = "gnu++0x";
				CLANG_CXX_LIBRARY = "libc++";
				CLANG_ENABLE_MODULES = YES;
				CLANG_ENABLE_OBJC_ARC = YES;
				CLANG_WARN_BOOL_CONVERSION = YES;
				CLANG_WARN_CONSTANT_CONVERSION = YES;
				CLANG_WARN_DIRECT_OBJC_ISA_USAGE = YES_ERROR;
				CLANG_WARN_EMPTY_BODY = YES;
				CLANG_WARN_ENUM_CONVERSION = YES;
				CLANG_WARN_INT_CONVERSION = YES;
				CLANG_WARN_OBJC_ROOT_CLASS = YES_ERROR;
				CLANG_WARN__DUPLICATE_METHOD_MATCH = YES;
				"CODE_SIGN_IDENTITY[sdk=iphoneos*]" = "iPhone Developer";
				COPY_PHASE_STRIP = NO;
				GCC_C_LANGUAGE_STANDARD = gnu99;
				GCC_DYNAMIC_NO_PIC = NO;
				GCC_OPTIMIZATION_LEVEL = 0;
				GCC_PREPROCESSOR_DEFINITIONS = (
					"DEBUG=1",
					"$(inherited)",
				);
				GCC_SYMBOLS_PRIVATE_EXTERN = NO;
				GCC_WARN_64_TO_32_BIT_CONVERSION = YES;
				GCC_WARN_ABOUT_RETURN_TYPE = YES_ERROR;
				GCC_WARN_UNDECLARED_SELECTOR = YES;
				GCC_WARN_UNINITIALIZED_AUTOS = YES_AGGRESSIVE;
				GCC_WARN_UNUSED_FUNCTION = YES;
				GCC_WARN_UNUSED_VARIABLE = YES;
				IPHONEOS_DEPLOYMENT_TARGET = 7.1;
				ONLY_ACTIVE_ARCH = YES;
				SDKROOT = iphoneos;
			};
			name = Debug;
		};
		6AFFCC891900492E002FE74D /* Release */ = {
			isa = XCBuildConfiguration;
			buildSettings = {
				ALWAYS_SEARCH_USER_PATHS = NO;
				CLANG_CXX_LANGUAGE_STANDARD = "gnu++0x";
				CLANG_CXX_LIBRARY = "libc++";
				CLANG_ENABLE_MODULES = YES;
				CLANG_ENABLE_OBJC_ARC = YES;
				CLANG_WARN_BOOL_CONVERSION = YES;
				CLANG_WARN_CONSTANT_CONVERSION = YES;
				CLANG_WARN_DIRECT_OBJC_ISA_USAGE = YES_ERROR;
				CLANG_WARN_EMPTY_BODY = YES;
				CLANG_WARN_ENUM_CONVERSION = YES;
				CLANG_WARN_INT_CONVERSION = YES;
				CLANG_WARN_OBJC_ROOT_CLASS = YES_ERROR;
				CLANG_WARN__DUPLICATE_METHOD_MATCH = YES;
				"CODE_SIGN_IDENTITY[sdk=iphoneos*]" = "iPhone Developer";
				COPY_PHASE_STRIP = YES;
				ENABLE_NS_ASSERTIONS = NO;
				GCC_C_LANGUAGE_STANDARD = gnu99;
				GCC_WARN_64_TO_32_BIT_CONVERSION = YES;
				GCC_WARN_ABOUT_RETURN_TYPE = YES_ERROR;
				GCC_WARN_UNDECLARED_SELECTOR = YES;
				GCC_WARN_UNINITIALIZED_AUTOS = YES_AGGRESSIVE;
				GCC_WARN_UNUSED_FUNCTION = YES;
				GCC_WARN_UNUSED_VARIABLE = YES;
				IPHONEOS_DEPLOYMENT_TARGET = 7.1;
				SDKROOT = iphoneos;
				VALIDATE_PRODUCT = YES;
			};
			name = Release;
		};
		6AFFCC8B1900492E002FE74D /* Debug */ = {
			isa = XCBuildConfiguration;
			buildSettings = {
				ASSETCATALOG_COMPILER_APPICON_NAME = AppIcon;
				ASSETCATALOG_COMPILER_LAUNCHIMAGE_NAME = LaunchImage;
				GCC_PRECOMPILE_PREFIX_HEADER = YES;
				GCC_PREFIX_HEADER = "Explosion/Explosion-Prefix.pch";
				INFOPLIST_FILE = "Explosion/Explosion-Info.plist";
				PRODUCT_NAME = "$(TARGET_NAME)";
				SPRITEKIT_TEXTURE_ATLAS_OUTPUT = YES;
				WRAPPER_EXTENSION = app;
			};
			name = Debug;
		};
		6AFFCC8C1900492E002FE74D /* Release */ = {
			isa = XCBuildConfiguration;
			buildSettings = {
				ASSETCATALOG_COMPILER_APPICON_NAME = AppIcon;
				ASSETCATALOG_COMPILER_LAUNCHIMAGE_NAME = LaunchImage;
				GCC_PRECOMPILE_PREFIX_HEADER = YES;
				GCC_PREFIX_HEADER = "Explosion/Explosion-Prefix.pch";
				INFOPLIST_FILE = "Explosion/Explosion-Info.plist";
				PRODUCT_NAME = "$(TARGET_NAME)";
				SPRITEKIT_TEXTURE_ATLAS_OUTPUT = YES;
				WRAPPER_EXTENSION = app;
			};
			name = Release;
		};
		6AFFCC8E1900492E002FE74D /* Debug */ = {
			isa = XCBuildConfiguration;
			buildSettings = {
				BUNDLE_LOADER = "$(BUILT_PRODUCTS_DIR)/Explosion.app/Explosion";
				FRAMEWORK_SEARCH_PATHS = (
					"$(SDKROOT)/Developer/Library/Frameworks",
					"$(inherited)",
					"$(DEVELOPER_FRAMEWORKS_DIR)",
				);
				GCC_PRECOMPILE_PREFIX_HEADER = YES;
				GCC_PREFIX_HEADER = "Explosion/Explosion-Prefix.pch";
				GCC_PREPROCESSOR_DEFINITIONS = (
					"DEBUG=1",
					"$(inherited)",
				);
				INFOPLIST_FILE = "ExplosionTests/ExplosionTests-Info.plist";
				PRODUCT_NAME = "$(TARGET_NAME)";
				TEST_HOST = "$(BUNDLE_LOADER)";
				WRAPPER_EXTENSION = xctest;
			};
			name = Debug;
		};
		6AFFCC8F1900492E002FE74D /* Release */ = {
			isa = XCBuildConfiguration;
			buildSettings = {
				BUNDLE_LOADER = "$(BUILT_PRODUCTS_DIR)/Explosion.app/Explosion";
				FRAMEWORK_SEARCH_PATHS = (
					"$(SDKROOT)/Developer/Library/Frameworks",
					"$(inherited)",
					"$(DEVELOPER_FRAMEWORKS_DIR)",
				);
				GCC_PRECOMPILE_PREFIX_HEADER = YES;
				GCC_PREFIX_HEADER = "Explosion/Explosion-Prefix.pch";
				INFOPLIST_FILE = "ExplosionTests/ExplosionTests-Info.plist";
				PRODUCT_NAME = "$(TARGET_NAME)";
				TEST_HOST = "$(BUNDLE_LOADER)";
				WRAPPER_EXTENSION = xctest;
			};
			name = Release;
		};
/* End XCBuildConfiguration section */

/* Begin XCConfigurationList section */
		6AFFCC4C1900492E002FE74D /* Build configuration list for PBXProject "Explosion" */ = {
			isa = XCConfigurationList;
			buildConfigurations = (
				6AFFCC881900492E002FE74D /* Debug */,
				6AFFCC891900492E002FE74D /* Release */,
			);
			defaultConfigurationIsVisible = 0;
			defaultConfigurationName = Release;
		};
		6AFFCC8A1900492E002FE74D /* Build configuration list for PBXNativeTarget "Explosion" */ = {
			isa = XCConfigurationList;
			buildConfigurations = (
				6AFFCC8B1900492E002FE74D /* Debug */,
				6AFFCC8C1900492E002FE74D /* Release */,
			);
			defaultConfigurationIsVisible = 0;
			defaultConfigurationName = Release;
		};
		6AFFCC8D1900492E002FE74D /* Build configuration list for PBXNativeTarget "ExplosionTests" */ = {
			isa = XCConfigurationList;
			buildConfigurations = (
				6AFFCC8E1900492E002FE74D /* Debug */,
				6AFFCC8F1900492E002FE74D /* Release */,
			);
			defaultConfigurationIsVisible = 0;
			defaultConfigurationName = Release;
		};
/* End XCConfigurationList section */

/* Begin XCVersionGroup section */
		6A1BB711191183260087D0ED /* Model.xcdatamodeld */ = {
			isa = XCVersionGroup;
			children = (
				6A1BB712191183260087D0ED /* Model.xcdatamodel */,
			);
			currentVersion = 6A1BB712191183260087D0ED /* Model.xcdatamodel */;
			path = Model.xcdatamodeld;
			sourceTree = "<group>";
			versionGroupType = wrapper.xcdatamodel;
		};
/* End XCVersionGroup section */
	};
	rootObject = 6AFFCC491900492E002FE74D /* Project object */;
}
